
Microsoft Visual Studio Solution File, Format Version 12.00
# Visual Studio Version 16
VisualStudioVersion = 16.0.29613.14
MinimumVisualStudioVersion = 10.0.40219.1
Project("{FAE04EC0-301F-11D3-BF4B-00C04F79EFBC}") = "W23_CorcolesWebAPI", "W23_CorcolesWebAPI\W23_CorcolesWebAPI.csproj", "{3A8F4A9F-D5AE-490F-8982-A124D023B3E8}"
EndProject
Global
	GlobalSection(SolutionConfigurationPlatforms) = preSolution
		Debug|Any CPU = Debug|Any CPU
		Release|Any CPU = Release|Any CPU
	EndGlobalSection
	GlobalSection(ProjectConfigurationPlatforms) = postSolution
		{3A8F4A9F-D5AE-490F-8982-A124D023B3E8}.Debug|Any CPU.ActiveCfg = Debug|Any CPU
		{3A8F4A9F-D5AE-490F-8982-A124D023B3E8}.Debug|Any CPU.Build.0 = Debug|Any CPU
		{3A8F4A9F-D5AE-490F-8982-A124D023B3E8}.Release|Any CPU.ActiveCfg = Release|Any CPU
		{3A8F4A9F-D5AE-490F-8982-A124D023B3E8}.Release|Any CPU.Build.0 = Release|Any CPU
	EndGlobalSection
	GlobalSection(SolutionProperties) = preSolution
		HideSolutionNode = FALSE
	EndGlobalSection
	GlobalSection(ExtensibilityGlobals) = postSolution
		SolutionGuid = {D61E251F-6367-4B22-9ADC-C8566E216244}
	EndGlobalSection
EndGlobal
